// !$*UTF8*$!
{
	archiveVersion = 1;
	classes = {
	};
	objectVersion = 46;
	objects = {

/* Begin PBXBuildFile section */
		3DC3AE0F1A27F1E000F44D10 /* AppDelegate.swift in Sources */ = {isa = PBXBuildFile; fileRef = 3DC3AE0E1A27F1E000F44D10 /* AppDelegate.swift */; };
		3DC3AE111A27F1E000F44D10 /* ViewController.swift in Sources */ = {isa = PBXBuildFile; fileRef = 3DC3AE101A27F1E000F44D10 /* ViewController.swift */; };
		3DC3AE141A27F1E000F44D10 /* Biometry.xcdatamodeld in Sources */ = {isa = PBXBuildFile; fileRef = 3DC3AE121A27F1E000F44D10 /* Biometry.xcdatamodeld */; };
		3DC3AE161A27F1E000F44D10 /* Images.xcassets in Resources */ = {isa = PBXBuildFile; fileRef = 3DC3AE151A27F1E000F44D10 /* Images.xcassets */; };
		3DC3AE191A27F1E100F44D10 /* Main.storyboard in Resources */ = {isa = PBXBuildFile; fileRef = 3DC3AE171A27F1E100F44D10 /* Main.storyboard */; };
		3DC3AE251A27F1E100F44D10 /* BiometryTests.swift in Sources */ = {isa = PBXBuildFile; fileRef = 3DC3AE241A27F1E100F44D10 /* BiometryTests.swift */; };
/* End PBXBuildFile section */

/* Begin PBXContainerItemProxy section */
		3DC3AE1F1A27F1E100F44D10 /* PBXContainerItemProxy */ = {
			isa = PBXContainerItemProxy;
			containerPortal = 3DC3AE011A27F1E000F44D10 /* Project object */;
			proxyType = 1;
			remoteGlobalIDString = 3DC3AE081A27F1E000F44D10;
			remoteInfo = Biometry;
		};
/* End PBXContainerItemProxy section */

/* Begin PBXFileReference section */
		3DC3AE091A27F1E000F44D10 /* Biometry.app */ = {isa = PBXFileReference; explicitFileType = wrapper.application; includeInIndex = 0; path = Biometry.app; sourceTree = BUILT_PRODUCTS_DIR; };
		3DC3AE0D1A27F1E000F44D10 /* Info.plist */ = {isa = PBXFileReference; lastKnownFileType = text.plist.xml; path = Info.plist; sourceTree = "<group>"; };
		3DC3AE0E1A27F1E000F44D10 /* AppDelegate.swift */ = {isa = PBXFileReference; lastKnownFileType = sourcecode.swift; path = AppDelegate.swift; sourceTree = "<group>"; };
		3DC3AE101A27F1E000F44D10 /* ViewController.swift */ = {isa = PBXFileReference; lastKnownFileType = sourcecode.swift; path = ViewController.swift; sourceTree = "<group>"; };
		3DC3AE131A27F1E000F44D10 /* Biometry.xcdatamodel */ = {isa = PBXFileReference; lastKnownFileType = wrapper.xcdatamodel; path = Biometry.xcdatamodel; sourceTree = "<group>"; };
		3DC3AE151A27F1E000F44D10 /* Images.xcassets */ = {isa = PBXFileReference; lastKnownFileType = folder.assetcatalog; path = Images.xcassets; sourceTree = "<group>"; };
		3DC3AE181A27F1E100F44D10 /* Base */ = {isa = PBXFileReference; lastKnownFileType = file.storyboard; name = Base; path = Base.lproj/Main.storyboard; sourceTree = "<group>"; };
		3DC3AE1E1A27F1E100F44D10 /* BiometryTests.xctest */ = {isa = PBXFileReference; explicitFileType = wrapper.cfbundle; includeInIndex = 0; path = BiometryTests.xctest; sourceTree = BUILT_PRODUCTS_DIR; };
		3DC3AE231A27F1E100F44D10 /* Info.plist */ = {isa = PBXFileReference; lastKnownFileType = text.plist.xml; path = Info.plist; sourceTree = "<group>"; };
		3DC3AE241A27F1E100F44D10 /* BiometryTests.swift */ = {isa = PBXFileReference; lastKnownFileType = sourcecode.swift; path = BiometryTests.swift; sourceTree = "<group>"; };
/* End PBXFileReference section */

/* Begin PBXFrameworksBuildPhase section */
		3DC3AE061A27F1E000F44D10 /* Frameworks */ = {
			isa = PBXFrameworksBuildPhase;
			buildActionMask = 2147483647;
			files = (
			);
			runOnlyForDeploymentPostprocessing = 0;
		};
		3DC3AE1B1A27F1E100F44D10 /* Frameworks */ = {
			isa = PBXFrameworksBuildPhase;
			buildActionMask = 2147483647;
			files = (
			);
			runOnlyForDeploymentPostprocessing = 0;
		};
/* End PBXFrameworksBuildPhase section */

/* Begin PBXGroup section */
		3DC3AE001A27F1DF00F44D10 = {
			isa = PBXGroup;
			children = (
				3DC3AE0B1A27F1E000F44D10 /* Biometry */,
				3DC3AE211A27F1E100F44D10 /* BiometryTests */,
				3DC3AE0A1A27F1E000F44D10 /* Products */,
			);
			sourceTree = "<group>";
		};
		3DC3AE0A1A27F1E000F44D10 /* Products */ = {
			isa = PBXGroup;
			children = (
				3DC3AE091A27F1E000F44D10 /* Biometry.app */,
				3DC3AE1E1A27F1E100F44D10 /* BiometryTests.xctest */,
			);
			name = Products;
			sourceTree = "<group>";
		};
		3DC3AE0B1A27F1E000F44D10 /* Biometry */ = {
			isa = PBXGroup;
			children = (
				3DC3AE0E1A27F1E000F44D10 /* AppDelegate.swift */,
				3DC3AE101A27F1E000F44D10 /* ViewController.swift */,
				3DC3AE151A27F1E000F44D10 /* Images.xcassets */,
				3DC3AE171A27F1E100F44D10 /* Main.storyboard */,
				3DC3AE121A27F1E000F44D10 /* Biometry.xcdatamodeld */,
				3DC3AE0C1A27F1E000F44D10 /* Supporting Files */,
			);
			path = Biometry;
			sourceTree = "<group>";
		};
		3DC3AE0C1A27F1E000F44D10 /* Supporting Files */ = {
			isa = PBXGroup;
			children = (
				3DC3AE0D1A27F1E000F44D10 /* Info.plist */,
			);
			name = "Supporting Files";
			sourceTree = "<group>";
		};
		3DC3AE211A27F1E100F44D10 /* BiometryTests */ = {
			isa = PBXGroup;
			children = (
				3DC3AE241A27F1E100F44D10 /* BiometryTests.swift */,
				3DC3AE221A27F1E100F44D10 /* Supporting Files */,
			);
			path = BiometryTests;
			sourceTree = "<group>";
		};
		3DC3AE221A27F1E100F44D10 /* Supporting Files */ = {
			isa = PBXGroup;
			children = (
				3DC3AE231A27F1E100F44D10 /* Info.plist */,
			);
			name = "Supporting Files";
			sourceTree = "<group>";
		};
/* End PBXGroup section */

/* Begin PBXNativeTarget section */
		3DC3AE081A27F1E000F44D10 /* Biometry */ = {
			isa = PBXNativeTarget;
			buildConfigurationList = 3DC3AE281A27F1E100F44D10 /* Build configuration list for PBXNativeTarget "Biometry" */;
			buildPhases = (
				3DC3AE051A27F1E000F44D10 /* Sources */,
				3DC3AE061A27F1E000F44D10 /* Frameworks */,
				3DC3AE071A27F1E000F44D10 /* Resources */,
			);
			buildRules = (
			);
			dependencies = (
			);
			name = Biometry;
			productName = Biometry;
			productReference = 3DC3AE091A27F1E000F44D10 /* Biometry.app */;
			productType = "com.apple.product-type.application";
		};
		3DC3AE1D1A27F1E100F44D10 /* BiometryTests */ = {
			isa = PBXNativeTarget;
			buildConfigurationList = 3DC3AE2B1A27F1E100F44D10 /* Build configuration list for PBXNativeTarget "BiometryTests" */;
			buildPhases = (
				3DC3AE1A1A27F1E100F44D10 /* Sources */,
				3DC3AE1B1A27F1E100F44D10 /* Frameworks */,
				3DC3AE1C1A27F1E100F44D10 /* Resources */,
			);
			buildRules = (
			);
			dependencies = (
				3DC3AE201A27F1E100F44D10 /* PBXTargetDependency */,
			);
			name = BiometryTests;
			productName = BiometryTests;
			productReference = 3DC3AE1E1A27F1E100F44D10 /* BiometryTests.xctest */;
			productType = "com.apple.product-type.bundle.unit-test";
		};
/* End PBXNativeTarget section */

/* Begin PBXProject section */
		3DC3AE011A27F1E000F44D10 /* Project object */ = {
			isa = PBXProject;
			attributes = {
				LastUpgradeCheck = 0610;
				ORGANIZATIONNAME = "Peter Claussen";
				TargetAttributes = {
					3DC3AE081A27F1E000F44D10 = {
						CreatedOnToolsVersion = 6.1;
					};
					3DC3AE1D1A27F1E100F44D10 = {
						CreatedOnToolsVersion = 6.1;
						TestTargetID = 3DC3AE081A27F1E000F44D10;
					};
				};
			};
			buildConfigurationList = 3DC3AE041A27F1E000F44D10 /* Build configuration list for PBXProject "Biometry" */;
			compatibilityVersion = "Xcode 3.2";
			developmentRegion = English;
			hasScannedForEncodings = 0;
			knownRegions = (
				en,
				Base,
			);
			mainGroup = 3DC3AE001A27F1DF00F44D10;
			productRefGroup = 3DC3AE0A1A27F1E000F44D10 /* Products */;
			projectDirPath = "";
			projectRoot = "";
			targets = (
				3DC3AE081A27F1E000F44D10 /* Biometry */,
				3DC3AE1D1A27F1E100F44D10 /* BiometryTests */,
			);
		};
/* End PBXProject section */

/* Begin PBXResourcesBuildPhase section */
		3DC3AE071A27F1E000F44D10 /* Resources */ = {
			isa = PBXResourcesBuildPhase;
			buildActionMask = 2147483647;
			files = (
				3DC3AE161A27F1E000F44D10 /* Images.xcassets in Resources */,
				3DC3AE191A27F1E100F44D10 /* Main.storyboard in Resources */,
			);
			runOnlyForDeploymentPostprocessing = 0;
		};
		3DC3AE1C1A27F1E100F44D10 /* Resources */ = {
			isa = PBXResourcesBuildPhase;
			buildActionMask = 2147483647;
			files = (
			);
			runOnlyForDeploymentPostprocessing = 0;
		};
/* End PBXResourcesBuildPhase section */

/* Begin PBXSourcesBuildPhase section */
		3DC3AE051A27F1E000F44D10 /* Sources */ = {
			isa = PBXSourcesBuildPhase;
			buildActionMask = 2147483647;
			files = (
				3DC3AE111A27F1E000F44D10 /* ViewController.swift in Sources */,
				3DC3AE141A27F1E000F44D10 /* Biometry.xcdatamodeld in Sources */,
				3DC3AE0F1A27F1E000F44D10 /* AppDelegate.swift in Sources */,
			);
			runOnlyForDeploymentPostprocessing = 0;
		};
		3DC3AE1A1A27F1E100F44D10 /* Sources */ = {
			isa = PBXSourcesBuildPhase;
			buildActionMask = 2147483647;
			files = (
				3DC3AE251A27F1E100F44D10 /* BiometryTests.swift in Sources */,
			);
			runOnlyForDeploymentPostprocessing = 0;
		};
/* End PBXSourcesBuildPhase section */

/* Begin PBXTargetDependency section */
		3DC3AE201A27F1E100F44D10 /* PBXTargetDependency */ = {
			isa = PBXTargetDependency;
			target = 3DC3AE081A27F1E000F44D10 /* Biometry */;
			targetProxy = 3DC3AE1F1A27F1E100F44D10 /* PBXContainerItemProxy */;
		};
/* End PBXTargetDependency section */

/* Begin PBXVariantGroup section */
		3DC3AE171A27F1E100F44D10 /* Main.storyboard */ = {
			isa = PBXVariantGroup;
			children = (
				3DC3AE181A27F1E100F44D10 /* Base */,
			);
			name = Main.storyboard;
			sourceTree = "<group>";
		};
/* End PBXVariantGroup section */

/* Begin XCBuildConfiguration section */
		3DC3AE261A27F1E100F44D10 /* Debug */ = {
			isa = XCBuildConfiguration;
			buildSettings = {
				ALWAYS_SEARCH_USER_PATHS = NO;
				CLANG_CXX_LANGUAGE_STANDARD = "gnu++0x";
				CLANG_CXX_LIBRARY = "libc++";
				CLANG_ENABLE_MODULES = YES;
				CLANG_ENABLE_OBJC_ARC = YES;
				CLANG_WARN_BOOL_CONVERSION = YES;
				CLANG_WARN_CONSTANT_CONVERSION = YES;
				CLANG_WARN_DIRECT_OBJC_ISA_USAGE = YES_ERROR;
				CLANG_WARN_EMPTY_BODY = YES;
				CLANG_WARN_ENUM_CONVERSION = YES;
				CLANG_WARN_INT_CONVERSION = YES;
				CLANG_WARN_OBJC_ROOT_CLASS = YES_ERROR;
				CLANG_WARN_UNREACHABLE_CODE = YES;
				CLANG_WARN__DUPLICATE_METHOD_MATCH = YES;
				CODE_SIGN_IDENTITY = "-";
				COPY_PHASE_STRIP = NO;
				ENABLE_STRICT_OBJC_MSGSEND = YES;
				GCC_C_LANGUAGE_STANDARD = gnu99;
				GCC_DYNAMIC_NO_PIC = NO;
				GCC_OPTIMIZATION_LEVEL = 0;
				GCC_PREPROCESSOR_DEFINITIONS = (
					"DEBUG=1",
					"$(inherited)",
				);
				GCC_SYMBOLS_PRIVATE_EXTERN = NO;
				GCC_WARN_64_TO_32_BIT_CONVERSION = YES;
				GCC_WARN_ABOUT_RETURN_TYPE = YES_ERROR;
				GCC_WARN_UNDECLARED_SELECTOR = YES;
				GCC_WARN_UNINITIALIZED_AUTOS = YES_AGGRESSIVE;
				GCC_WARN_UNUSED_FUNCTION = YES;
				GCC_WARN_UNUSED_VARIABLE = YES;
				MACOSX_DEPLOYMENT_TARGET = 10.10;
				MTL_ENABLE_DEBUG_INFO = YES;
				ONLY_ACTIVE_ARCH = YES;
				SDKROOT = macosx;
				SWIFT_OPTIMIZATION_LEVEL = "-Onone";
			};
			name = Debug;
		};
		3DC3AE271A27F1E100F44D10 /* Release */ = {
			isa = XCBuildConfiguration;
			buildSettings = {
				ALWAYS_SEARCH_USER_PATHS = NO;
				CLANG_CXX_LANGUAGE_STANDARD = "gnu++0x";
				CLANG_CXX_LIBRARY = "libc++";
				CLANG_ENABLE_MODULES = YES;
				CLANG_ENABLE_OBJC_ARC = YES;
				CLANG_WARN_BOOL_CONVERSION = YES;
				CLANG_WARN_CONSTANT_CONVERSION = YES;
				CLANG_WARN_DIRECT_OBJC_ISA_USAGE = YES_ERROR;
				CLANG_WARN_EMPTY_BODY = YES;
				CLANG_WARN_ENUM_CONVERSION = YES;
				CLANG_WARN_INT_CONVERSION = YES;
				CLANG_WARN_OBJC_ROOT_CLASS = YES_ERROR;
				CLANG_WARN_UNREACHABLE_CODE = YES;
				CLANG_WARN__DUPLICATE_METHOD_MATCH = YES;
				CODE_SIGN_IDENTITY = "-";
				COPY_PHASE_STRIP = YES;
				DEBUG_INFORMATION_FORMAT = "dwarf-with-dsym";
				ENABLE_NS_ASSERTIONS = NO;
				ENABLE_STRICT_OBJC_MSGSEND = YES;
				GCC_C_LANGUAGE_STANDARD = gnu99;
				GCC_WARN_64_TO_32_BIT_CONVERSION = YES;
				GCC_WARN_ABOUT_RETURN_TYPE = YES_ERROR;
				GCC_WARN_UNDECLARED_SELECTOR = YES;
				GCC_WARN_UNINITIALIZED_AUTOS = YES_AGGRESSIVE;
				GCC_WARN_UNUSED_FUNCTION = YES;
				GCC_WARN_UNUSED_VARIABLE = YES;
				MACOSX_DEPLOYMENT_TARGET = 10.10;
				MTL_ENABLE_DEBUG_INFO = NO;
				SDKROOT = macosx;
			};
			name = Release;
		};
		3DC3AE291A27F1E100F44D10 /* Debug */ = {
			isa = XCBuildConfiguration;
			buildSettings = {
				ASSETCATALOG_COMPILER_APPICON_NAME = AppIcon;
				COMBINE_HIDPI_IMAGES = YES;
				INFOPLIST_FILE = Biometry/Info.plist;
				LD_RUNPATH_SEARCH_PATHS = "$(inherited) @executable_path/../Frameworks";
				PRODUCT_NAME = "$(TARGET_NAME)";
			};
			name = Debug;
		};
		3DC3AE2A1A27F1E100F44D10 /* Release */ = {
			isa = XCBuildConfiguration;
			buildSettings = {
				ASSETCATALOG_COMPILER_APPICON_NAME = AppIcon;
				COMBINE_HIDPI_IMAGES = YES;
				INFOPLIST_FILE = Biometry/Info.plist;
				LD_RUNPATH_SEARCH_PATHS = "$(inherited) @executable_path/../Frameworks";
				PRODUCT_NAME = "$(TARGET_NAME)";
			};
			name = Release;
		};
		3DC3AE2C1A27F1E100F44D10 /* Debug */ = {
			isa = XCBuildConfiguration;
			buildSettings = {
				BUNDLE_LOADER = "$(TEST_HOST)";
				COMBINE_HIDPI_IMAGES = YES;
				FRAMEWORK_SEARCH_PATHS = (
					"$(DEVELOPER_FRAMEWORKS_DIR)",
					"$(inherited)",
				);
				GCC_PREPROCESSOR_DEFINITIONS = (
					"DEBUG=1",
					"$(inherited)",
				);
				INFOPLIST_FILE = BiometryTests/Info.plist;
				LD_RUNPATH_SEARCH_PATHS = "$(inherited) @executable_path/../Frameworks @loader_path/../Frameworks";
				PRODUCT_NAME = "$(TARGET_NAME)";
				TEST_HOST = "$(BUILT_PRODUCTS_DIR)/Biometry.app/Contents/MacOS/Biometry";
			};
			name = Debug;
		};
		3DC3AE2D1A27F1E100F44D10 /* Release */ = {
			isa = XCBuildConfiguration;
			buildSettings = {
				BUNDLE_LOADER = "$(TEST_HOST)";
				COMBINE_HIDPI_IMAGES = YES;
				FRAMEWORK_SEARCH_PATHS = (
					"$(DEVELOPER_FRAMEWORKS_DIR)",
					"$(inherited)",
				);
				INFOPLIST_FILE = BiometryTests/Info.plist;
				LD_RUNPATH_SEARCH_PATHS = "$(inherited) @executable_path/../Frameworks @loader_path/../Frameworks";
				PRODUCT_NAME = "$(TARGET_NAME)";
				TEST_HOST = "$(BUILT_PRODUCTS_DIR)/Biometry.app/Contents/MacOS/Biometry";
			};
			name = Release;
		};
/* End XCBuildConfiguration section */

/* Begin XCConfigurationList section */
		3DC3AE041A27F1E000F44D10 /* Build configuration list for PBXProject "Biometry" */ = {
			isa = XCConfigurationList;
			buildConfigurations = (
				3DC3AE261A27F1E100F44D10 /* Debug */,
				3DC3AE271A27F1E100F44D10 /* Release */,
			);
			defaultConfigurationIsVisible = 0;
			defaultConfigurationName = Release;
		};
		3DC3AE281A27F1E100F44D10 /* Build configuration list for PBXNativeTarget "Biometry" */ = {
			isa = XCConfigurationList;
			buildConfigurations = (
				3DC3AE291A27F1E100F44D10 /* Debug */,
				3DC3AE2A1A27F1E100F44D10 /* Release */,
			);
			defaultConfigurationIsVisible = 0;
		};
		3DC3AE2B1A27F1E100F44D10 /* Build configuration list for PBXNativeTarget "BiometryTests" */ = {
			isa = XCConfigurationList;
			buildConfigurations = (
				3DC3AE2C1A27F1E100F44D10 /* Debug */,
				3DC3AE2D1A27F1E100F44D10 /* Release */,
			);
			defaultConfigurationIsVisible = 0;
		};
/* End XCConfigurationList section */

/* Begin XCVersionGroup section */
		3DC3AE121A27F1E000F44D10 /* Biometry.xcdatamodeld */ = {
			isa = XCVersionGroup;
			children = (
				3DC3AE131A27F1E000F44D10 /* Biometry.xcdatamodel */,
			);
			currentVersion = 3DC3AE131A27F1E000F44D10 /* Biometry.xcdatamodel */;
			path = Biometry.xcdatamodeld;
			sourceTree = "<group>";
			versionGroupType = wrapper.xcdatamodel;
		};
/* End XCVersionGroup section */
	};
	rootObject = 3DC3AE011A27F1E000F44D10 /* Project object */;
}
