// !$*UTF8*$!
{
	archiveVersion = 1;
	classes = {
	};
	objectVersion = 46;
	objects = {

/* Begin PBXBuildFile section */
		D07DE42F1A5CA554000634BF /* main.swift in Sources */ = {isa = PBXBuildFile; fileRef = D07DE42E1A5CA554000634BF /* main.swift */; };
		D07DE4361A5CA583000634BF /* BiometryStatsEngine.framework in Frameworks */ = {isa = PBXBuildFile; fileRef = D07DE4351A5CA583000634BF /* BiometryStatsEngine.framework */; };
		D07DE49F1A5DC1DE000634BF /* Geisbrecht5_7.swift in Sources */ = {isa = PBXBuildFile; fileRef = D07DE4741A5DC1DE000634BF /* Geisbrecht5_7.swift */; };
		D07DE4A01A5DC1DE000634BF /* John7_3.swift in Sources */ = {isa = PBXBuildFile; fileRef = D07DE47B1A5DC1DE000634BF /* John7_3.swift */; };
		D07DE4A11A5DC1DE000634BF /* McCulloch2_2.swift in Sources */ = {isa = PBXBuildFile; fileRef = D07DE47D1A5DC1DE000634BF /* McCulloch2_2.swift */; };
		D07DE4A21A5DC1DE000634BF /* McCulloch2_3.swift in Sources */ = {isa = PBXBuildFile; fileRef = D07DE47E1A5DC1DE000634BF /* McCulloch2_3.swift */; };
		D07DE4A31A5DC1DE000634BF /* McCulloch4_7.swift in Sources */ = {isa = PBXBuildFile; fileRef = D07DE47F1A5DC1DE000634BF /* McCulloch4_7.swift */; };
		D07DE4A41A5DC1DE000634BF /* McCulloch5_1.swift in Sources */ = {isa = PBXBuildFile; fileRef = D07DE4801A5DC1DE000634BF /* McCulloch5_1.swift */; };
		D07DE4A51A5DC1DE000634BF /* McCulloch7_6.swift in Sources */ = {isa = PBXBuildFile; fileRef = D07DE4811A5DC1DE000634BF /* McCulloch7_6.swift */; };
		D07DE4A61A5DC1DE000634BF /* McCulloch8_2.swift in Sources */ = {isa = PBXBuildFile; fileRef = D07DE4821A5DC1DE000634BF /* McCulloch8_2.swift */; };
		D07DE4A71A5DC1DE000634BF /* TestData.swift in Sources */ = {isa = PBXBuildFile; fileRef = D07DE49E1A5DC1DE000634BF /* TestData.swift */; };
/* End PBXBuildFile section */

/* Begin PBXCopyFilesBuildPhase section */
		D07DE4291A5CA554000634BF /* CopyFiles */ = {
			isa = PBXCopyFilesBuildPhase;
			buildActionMask = 2147483647;
			dstPath = /usr/share/man/man1/;
			dstSubfolderSpec = 0;
			files = (
			);
			runOnlyForDeploymentPostprocessing = 1;
		};
/* End PBXCopyFilesBuildPhase section */

/* Begin PBXFileReference section */
		D07DE42B1A5CA554000634BF /* BiometryStatsConsole */ = {isa = PBXFileReference; explicitFileType = "compiled.mach-o.executable"; includeInIndex = 0; path = BiometryStatsConsole; sourceTree = BUILT_PRODUCTS_DIR; };
		D07DE42E1A5CA554000634BF /* main.swift */ = {isa = PBXFileReference; lastKnownFileType = sourcecode.swift; path = main.swift; sourceTree = "<group>"; };
		D07DE4351A5CA583000634BF /* BiometryStatsEngine.framework */ = {isa = PBXFileReference; lastKnownFileType = wrapper.framework; name = BiometryStatsEngine.framework; path = "../../../Library/Developer/Xcode/DerivedData/Biometry-fikykznduvlmyyhitaafgyavslar/Build/Products/Debug/BiometryStatsEngine.framework"; sourceTree = "<group>"; };
		D07DE4741A5DC1DE000634BF /* Geisbrecht5_7.swift */ = {isa = PBXFileReference; fileEncoding = 4; lastKnownFileType = sourcecode.swift; path = Geisbrecht5_7.swift; sourceTree = "<group>"; };
		D07DE47A1A5DC1DE000634BF /* john.playground */ = {isa = PBXFileReference; lastKnownFileType = file.playground; path = john.playground; sourceTree = "<group>"; };
		D07DE47B1A5DC1DE000634BF /* John7_3.swift */ = {isa = PBXFileReference; fileEncoding = 4; lastKnownFileType = sourcecode.swift; path = John7_3.swift; sourceTree = "<group>"; };
		D07DE47D1A5DC1DE000634BF /* McCulloch2_2.swift */ = {isa = PBXFileReference; fileEncoding = 4; lastKnownFileType = sourcecode.swift; path = McCulloch2_2.swift; sourceTree = "<group>"; };
		D07DE47E1A5DC1DE000634BF /* McCulloch2_3.swift */ = {isa = PBXFileReference; fileEncoding = 4; lastKnownFileType = sourcecode.swift; path = McCulloch2_3.swift; sourceTree = "<group>"; };
		D07DE47F1A5DC1DE000634BF /* McCulloch4_7.swift */ = {isa = PBXFileReference; fileEncoding = 4; lastKnownFileType = sourcecode.swift; path = McCulloch4_7.swift; sourceTree = "<group>"; };
		D07DE4801A5DC1DE000634BF /* McCulloch5_1.swift */ = {isa = PBXFileReference; fileEncoding = 4; lastKnownFileType = sourcecode.swift; path = McCulloch5_1.swift; sourceTree = "<group>"; };
		D07DE4811A5DC1DE000634BF /* McCulloch7_6.swift */ = {isa = PBXFileReference; fileEncoding = 4; lastKnownFileType = sourcecode.swift; path = McCulloch7_6.swift; sourceTree = "<group>"; };
		D07DE4821A5DC1DE000634BF /* McCulloch8_2.swift */ = {isa = PBXFileReference; fileEncoding = 4; lastKnownFileType = sourcecode.swift; path = McCulloch8_2.swift; sourceTree = "<group>"; };
		D07DE49C1A5DC1DE000634BF /* stats.playground */ = {isa = PBXFileReference; lastKnownFileType = file.playground; path = stats.playground; sourceTree = "<group>"; };
		D07DE49E1A5DC1DE000634BF /* TestData.swift */ = {isa = PBXFileReference; fileEncoding = 4; lastKnownFileType = sourcecode.swift; path = TestData.swift; sourceTree = "<group>"; };
/* End PBXFileReference section */

/* Begin PBXFrameworksBuildPhase section */
		D07DE4281A5CA554000634BF /* Frameworks */ = {
			isa = PBXFrameworksBuildPhase;
			buildActionMask = 2147483647;
			files = (
				D07DE4361A5CA583000634BF /* BiometryStatsEngine.framework in Frameworks */,
			);
			runOnlyForDeploymentPostprocessing = 0;
		};
/* End PBXFrameworksBuildPhase section */

/* Begin PBXGroup section */
		D07DE4221A5CA554000634BF = {
			isa = PBXGroup;
			children = (
				D07DE4351A5CA583000634BF /* BiometryStatsEngine.framework */,
				D07DE42D1A5CA554000634BF /* BiometryStatsConsole */,
				D07DE42C1A5CA554000634BF /* Products */,
			);
			sourceTree = "<group>";
		};
		D07DE42C1A5CA554000634BF /* Products */ = {
			isa = PBXGroup;
			children = (
				D07DE42B1A5CA554000634BF /* BiometryStatsConsole */,
			);
			name = Products;
			sourceTree = "<group>";
		};
		D07DE42D1A5CA554000634BF /* BiometryStatsConsole */ = {
			isa = PBXGroup;
			children = (
				D07DE43B1A5DC1DE000634BF /* tests */,
				D07DE42E1A5CA554000634BF /* main.swift */,
			);
			path = BiometryStatsConsole;
			sourceTree = "<group>";
		};
		D07DE43B1A5DC1DE000634BF /* tests */ = {
			isa = PBXGroup;
			children = (
				D07DE4711A5DC1DE000634BF /* cochran */,
				D07DE4731A5DC1DE000634BF /* geisbrecht */,
				D07DE4751A5DC1DE000634BF /* gomez */,
				D07DE4771A5DC1DE000634BF /* hinkelmann */,
				D07DE4791A5DC1DE000634BF /* john */,
				D07DE47C1A5DC1DE000634BF /* mcculloch */,
				D07DE4831A5DC1DE000634BF /* milliken */,
				D07DE49A1A5DC1DE000634BF /* schabenberger */,
				D07DE49C1A5DC1DE000634BF /* stats.playground */,
				D07DE49D1A5DC1DE000634BF /* support */,
			);
			name = tests;
			path = ../../../statistics/swift/tests;
			sourceTree = "<group>";
		};
		D07DE4711A5DC1DE000634BF /* cochran */ = {
			isa = PBXGroup;
			children = (
			);
			path = cochran;
			sourceTree = "<group>";
		};
		D07DE4731A5DC1DE000634BF /* geisbrecht */ = {
			isa = PBXGroup;
			children = (
				D07DE4741A5DC1DE000634BF /* Geisbrecht5_7.swift */,
			);
			path = geisbrecht;
			sourceTree = "<group>";
		};
		D07DE4751A5DC1DE000634BF /* gomez */ = {
			isa = PBXGroup;
			children = (
			);
			path = gomez;
			sourceTree = "<group>";
		};
		D07DE4771A5DC1DE000634BF /* hinkelmann */ = {
			isa = PBXGroup;
			children = (
			);
			path = hinkelmann;
			sourceTree = "<group>";
		};
		D07DE4791A5DC1DE000634BF /* john */ = {
			isa = PBXGroup;
			children = (
				D07DE47A1A5DC1DE000634BF /* john.playground */,
				D07DE47B1A5DC1DE000634BF /* John7_3.swift */,
			);
			path = john;
			sourceTree = "<group>";
		};
		D07DE47C1A5DC1DE000634BF /* mcculloch */ = {
			isa = PBXGroup;
			children = (
				D07DE47D1A5DC1DE000634BF /* McCulloch2_2.swift */,
				D07DE47E1A5DC1DE000634BF /* McCulloch2_3.swift */,
				D07DE47F1A5DC1DE000634BF /* McCulloch4_7.swift */,
				D07DE4801A5DC1DE000634BF /* McCulloch5_1.swift */,
				D07DE4811A5DC1DE000634BF /* McCulloch7_6.swift */,
				D07DE4821A5DC1DE000634BF /* McCulloch8_2.swift */,
			);
			path = mcculloch;
			sourceTree = "<group>";
		};
		D07DE4831A5DC1DE000634BF /* milliken */ = {
			isa = PBXGroup;
			children = (
			);
			path = milliken;
			sourceTree = "<group>";
		};
		D07DE49A1A5DC1DE000634BF /* schabenberger */ = {
			isa = PBXGroup;
			children = (
			);
			path = schabenberger;
			sourceTree = "<group>";
		};
		D07DE49D1A5DC1DE000634BF /* support */ = {
			isa = PBXGroup;
			children = (
				D07DE49E1A5DC1DE000634BF /* TestData.swift */,
			);
			path = support;
			sourceTree = "<group>";
		};
/* End PBXGroup section */

/* Begin PBXNativeTarget section */
		D07DE42A1A5CA554000634BF /* BiometryStatsConsole */ = {
			isa = PBXNativeTarget;
			buildConfigurationList = D07DE4321A5CA554000634BF /* Build configuration list for PBXNativeTarget "BiometryStatsConsole" */;
			buildPhases = (
				D07DE4271A5CA554000634BF /* Sources */,
				D07DE4281A5CA554000634BF /* Frameworks */,
				D07DE4291A5CA554000634BF /* CopyFiles */,
			);
			buildRules = (
			);
			dependencies = (
			);
			name = BiometryStatsConsole;
			productName = BiometryStatsConsole;
			productReference = D07DE42B1A5CA554000634BF /* BiometryStatsConsole */;
			productType = "com.apple.product-type.tool";
		};
/* End PBXNativeTarget section */

/* Begin PBXProject section */
		D07DE4231A5CA554000634BF /* Project object */ = {
			isa = PBXProject;
			attributes = {
				LastUpgradeCheck = 0610;
				ORGANIZATIONNAME = "Peter Claussen";
				TargetAttributes = {
					D07DE42A1A5CA554000634BF = {
						CreatedOnToolsVersion = 6.1.1;
					};
				};
			};
			buildConfigurationList = D07DE4261A5CA554000634BF /* Build configuration list for PBXProject "BiometryStatsConsole" */;
			compatibilityVersion = "Xcode 3.2";
			developmentRegion = English;
			hasScannedForEncodings = 0;
			knownRegions = (
				en,
			);
			mainGroup = D07DE4221A5CA554000634BF;
			productRefGroup = D07DE42C1A5CA554000634BF /* Products */;
			projectDirPath = "";
			projectRoot = "";
			targets = (
				D07DE42A1A5CA554000634BF /* BiometryStatsConsole */,
			);
		};
/* End PBXProject section */

/* Begin PBXSourcesBuildPhase section */
		D07DE4271A5CA554000634BF /* Sources */ = {
			isa = PBXSourcesBuildPhase;
			buildActionMask = 2147483647;
			files = (
				D07DE42F1A5CA554000634BF /* main.swift in Sources */,
				D07DE4A01A5DC1DE000634BF /* John7_3.swift in Sources */,
				D07DE4A21A5DC1DE000634BF /* McCulloch2_3.swift in Sources */,
				D07DE4A71A5DC1DE000634BF /* TestData.swift in Sources */,
				D07DE4A51A5DC1DE000634BF /* McCulloch7_6.swift in Sources */,
				D07DE4A41A5DC1DE000634BF /* McCulloch5_1.swift in Sources */,
				D07DE4A11A5DC1DE000634BF /* McCulloch2_2.swift in Sources */,
				D07DE4A61A5DC1DE000634BF /* McCulloch8_2.swift in Sources */,
				D07DE49F1A5DC1DE000634BF /* Geisbrecht5_7.swift in Sources */,
				D07DE4A31A5DC1DE000634BF /* McCulloch4_7.swift in Sources */,
			);
			runOnlyForDeploymentPostprocessing = 0;
		};
/* End PBXSourcesBuildPhase section */

/* Begin XCBuildConfiguration section */
		D07DE4301A5CA554000634BF /* Debug */ = {
			isa = XCBuildConfiguration;
			buildSettings = {
				ALWAYS_SEARCH_USER_PATHS = NO;
				CLANG_CXX_LANGUAGE_STANDARD = "gnu++0x";
				CLANG_CXX_LIBRARY = "libc++";
				CLANG_ENABLE_MODULES = YES;
				CLANG_ENABLE_OBJC_ARC = YES;
				CLANG_WARN_BOOL_CONVERSION = YES;
				CLANG_WARN_CONSTANT_CONVERSION = YES;
				CLANG_WARN_DIRECT_OBJC_ISA_USAGE = YES_ERROR;
				CLANG_WARN_EMPTY_BODY = YES;
				CLANG_WARN_ENUM_CONVERSION = YES;
				CLANG_WARN_INT_CONVERSION = YES;
				CLANG_WARN_OBJC_ROOT_CLASS = YES_ERROR;
				CLANG_WARN_UNREACHABLE_CODE = YES;
				CLANG_WARN__DUPLICATE_METHOD_MATCH = YES;
				COPY_PHASE_STRIP = NO;
				EMBEDDED_CONTENT_CONTAINS_SWIFT = YES;
				ENABLE_STRICT_OBJC_MSGSEND = YES;
				GCC_C_LANGUAGE_STANDARD = gnu99;
				GCC_DYNAMIC_NO_PIC = NO;
				GCC_OPTIMIZATION_LEVEL = 0;
				GCC_PREPROCESSOR_DEFINITIONS = (
					"DEBUG=1",
					"$(inherited)",
				);
				GCC_SYMBOLS_PRIVATE_EXTERN = NO;
				GCC_WARN_64_TO_32_BIT_CONVERSION = YES;
				GCC_WARN_ABOUT_RETURN_TYPE = YES_ERROR;
				GCC_WARN_UNDECLARED_SELECTOR = YES;
				GCC_WARN_UNINITIALIZED_AUTOS = YES_AGGRESSIVE;
				GCC_WARN_UNUSED_FUNCTION = YES;
				GCC_WARN_UNUSED_VARIABLE = YES;
				MACOSX_DEPLOYMENT_TARGET = 10.10;
				MTL_ENABLE_DEBUG_INFO = YES;
				ONLY_ACTIVE_ARCH = YES;
				SDKROOT = macosx;
				SWIFT_OPTIMIZATION_LEVEL = "-Onone";
			};
			name = Debug;
		};
		D07DE4311A5CA554000634BF /* Release */ = {
			isa = XCBuildConfiguration;
			buildSettings = {
				ALWAYS_SEARCH_USER_PATHS = NO;
				CLANG_CXX_LANGUAGE_STANDARD = "gnu++0x";
				CLANG_CXX_LIBRARY = "libc++";
				CLANG_ENABLE_MODULES = YES;
				CLANG_ENABLE_OBJC_ARC = YES;
				CLANG_WARN_BOOL_CONVERSION = YES;
				CLANG_WARN_CONSTANT_CONVERSION = YES;
				CLANG_WARN_DIRECT_OBJC_ISA_USAGE = YES_ERROR;
				CLANG_WARN_EMPTY_BODY = YES;
				CLANG_WARN_ENUM_CONVERSION = YES;
				CLANG_WARN_INT_CONVERSION = YES;
				CLANG_WARN_OBJC_ROOT_CLASS = YES_ERROR;
				CLANG_WARN_UNREACHABLE_CODE = YES;
				CLANG_WARN__DUPLICATE_METHOD_MATCH = YES;
				COPY_PHASE_STRIP = YES;
				DEBUG_INFORMATION_FORMAT = "dwarf-with-dsym";
				EMBEDDED_CONTENT_CONTAINS_SWIFT = YES;
				ENABLE_NS_ASSERTIONS = NO;
				ENABLE_STRICT_OBJC_MSGSEND = YES;
				GCC_C_LANGUAGE_STANDARD = gnu99;
				GCC_WARN_64_TO_32_BIT_CONVERSION = YES;
				GCC_WARN_ABOUT_RETURN_TYPE = YES_ERROR;
				GCC_WARN_UNDECLARED_SELECTOR = YES;
				GCC_WARN_UNINITIALIZED_AUTOS = YES_AGGRESSIVE;
				GCC_WARN_UNUSED_FUNCTION = YES;
				GCC_WARN_UNUSED_VARIABLE = YES;
				MACOSX_DEPLOYMENT_TARGET = 10.10;
				MTL_ENABLE_DEBUG_INFO = NO;
				SDKROOT = macosx;
			};
			name = Release;
		};
		D07DE4331A5CA554000634BF /* Debug */ = {
			isa = XCBuildConfiguration;
			buildSettings = {
				EMBEDDED_CONTENT_CONTAINS_SWIFT = YES;
				FRAMEWORK_SEARCH_PATHS = (
					"$(inherited)",
					"$(USER_LIBRARY_DIR)/Developer/Xcode/DerivedData/Biometry-fikykznduvlmyyhitaafgyavslar/Build/Products/Debug",
				);
				PRODUCT_NAME = "$(TARGET_NAME)";
			};
			name = Debug;
		};
		D07DE4341A5CA554000634BF /* Release */ = {
			isa = XCBuildConfiguration;
			buildSettings = {
				EMBEDDED_CONTENT_CONTAINS_SWIFT = YES;
				FRAMEWORK_SEARCH_PATHS = (
					"$(inherited)",
					"$(USER_LIBRARY_DIR)/Developer/Xcode/DerivedData/Biometry-fikykznduvlmyyhitaafgyavslar/Build/Products/Debug",
				);
				PRODUCT_NAME = "$(TARGET_NAME)";
			};
			name = Release;
		};
/* End XCBuildConfiguration section */

/* Begin XCConfigurationList section */
		D07DE4261A5CA554000634BF /* Build configuration list for PBXProject "BiometryStatsConsole" */ = {
			isa = XCConfigurationList;
			buildConfigurations = (
				D07DE4301A5CA554000634BF /* Debug */,
				D07DE4311A5CA554000634BF /* Release */,
			);
			defaultConfigurationIsVisible = 0;
			defaultConfigurationName = Release;
		};
		D07DE4321A5CA554000634BF /* Build configuration list for PBXNativeTarget "BiometryStatsConsole" */ = {
			isa = XCConfigurationList;
			buildConfigurations = (
				D07DE4331A5CA554000634BF /* Debug */,
				D07DE4341A5CA554000634BF /* Release */,
			);
			defaultConfigurationIsVisible = 0;
		};
/* End XCConfigurationList section */
	};
	rootObject = D07DE4231A5CA554000634BF /* Project object */;
}
